
Microsoft Visual Studio Solution File, Format Version 12.00
# Visual Studio Version 17
VisualStudioVersion = 17.5.33530.505
MinimumVisualStudioVersion = 10.0.40219.1
Project("{9A19103F-16F7-4668-BE54-9A1E7A4F7556}") = "SAT_Project.DATA.EF", "SAT_Project.DATA.EF.csproj", "{5772D503-A554-4064-A4C8-2CC5D08D753A}"
EndProject
Project("{FAE04EC0-301F-11D3-BF4B-00C04F79EFBC}") = "SAT_Project.UI.MVC", "..\SAT_Project.UI.MVC\SAT_Project.UI.MVC.csproj", "{7A393663-0629-4137-9843-7AE4FADB2DD3}"
EndProject
Global
	GlobalSection(SolutionConfigurationPlatforms) = preSolution
		Debug|Any CPU = Debug|Any CPU
		Release|Any CPU = Release|Any CPU
	EndGlobalSection
	GlobalSection(ProjectConfigurationPlatforms) = postSolution
		{5772D503-A554-4064-A4C8-2CC5D08D753A}.Debug|Any CPU.ActiveCfg = Debug|Any CPU
		{5772D503-A554-4064-A4C8-2CC5D08D753A}.Debug|Any CPU.Build.0 = Debug|Any CPU
		{5772D503-A554-4064-A4C8-2CC5D08D753A}.Release|Any CPU.ActiveCfg = Release|Any CPU
		{5772D503-A554-4064-A4C8-2CC5D08D753A}.Release|Any CPU.Build.0 = Release|Any CPU
		{7A393663-0629-4137-9843-7AE4FADB2DD3}.Debug|Any CPU.ActiveCfg = Debug|Any CPU
		{7A393663-0629-4137-9843-7AE4FADB2DD3}.Debug|Any CPU.Build.0 = Debug|Any CPU
		{7A393663-0629-4137-9843-7AE4FADB2DD3}.Release|Any CPU.ActiveCfg = Release|Any CPU
		{7A393663-0629-4137-9843-7AE4FADB2DD3}.Release|Any CPU.Build.0 = Release|Any CPU
	EndGlobalSection
	GlobalSection(SolutionProperties) = preSolution
		HideSolutionNode = FALSE
	EndGlobalSection
	GlobalSection(ExtensibilityGlobals) = postSolution
		SolutionGuid = {3E0136C5-5B4C-4B29-8641-D66674B2EE10}
	EndGlobalSection
EndGlobal
