
Microsoft Visual Studio Solution File, Format Version 12.00
# Visual Studio Version 17
VisualStudioVersion = 17.5.33530.505
MinimumVisualStudioVersion = 10.0.40219.1
Project("{9A19103F-16F7-4668-BE54-9A1E7A4F7556}") = "Single_Responsibility", "Single_Responsibility\Single_Responsibility.csproj", "{40E0BF03-A2CA-4920-B89A-C62C3773152C}"
EndProject
Project("{9A19103F-16F7-4668-BE54-9A1E7A4F7556}") = "Open_Closed", "Open_Closed\Open_Closed.csproj", "{689A1CAB-98DE-4DB4-B99C-89483EEEE9D4}"
EndProject
Project("{9A19103F-16F7-4668-BE54-9A1E7A4F7556}") = "Liskov_Substitution", "Liskov_Substitution\Liskov_Substitution.csproj", "{8907F6E9-F9C6-4C42-A405-52A0F448A2AC}"
EndProject
Project("{FAE04EC0-301F-11D3-BF4B-00C04F79EFBC}") = "Interface_Segregation", "Interface_Segregation\Interface_Segregation.csproj", "{03354E5A-B19F-410B-99AF-EE4B11A0CACA}"
EndProject
Project("{FAE04EC0-301F-11D3-BF4B-00C04F79EFBC}") = "Dependency_Inversion", "Dependency_Inversion\Dependency_Inversion.csproj", "{F51E4B9E-3D82-439A-A60C-17270D970599}"
EndProject
Global
	GlobalSection(SolutionConfigurationPlatforms) = preSolution
		Debug|Any CPU = Debug|Any CPU
		Release|Any CPU = Release|Any CPU
	EndGlobalSection
	GlobalSection(ProjectConfigurationPlatforms) = postSolution
		{40E0BF03-A2CA-4920-B89A-C62C3773152C}.Debug|Any CPU.ActiveCfg = Debug|Any CPU
		{40E0BF03-A2CA-4920-B89A-C62C3773152C}.Debug|Any CPU.Build.0 = Debug|Any CPU
		{40E0BF03-A2CA-4920-B89A-C62C3773152C}.Release|Any CPU.ActiveCfg = Release|Any CPU
		{40E0BF03-A2CA-4920-B89A-C62C3773152C}.Release|Any CPU.Build.0 = Release|Any CPU
		{689A1CAB-98DE-4DB4-B99C-89483EEEE9D4}.Debug|Any CPU.ActiveCfg = Debug|Any CPU
		{689A1CAB-98DE-4DB4-B99C-89483EEEE9D4}.Debug|Any CPU.Build.0 = Debug|Any CPU
		{689A1CAB-98DE-4DB4-B99C-89483EEEE9D4}.Release|Any CPU.ActiveCfg = Release|Any CPU
		{689A1CAB-98DE-4DB4-B99C-89483EEEE9D4}.Release|Any CPU.Build.0 = Release|Any CPU
		{8907F6E9-F9C6-4C42-A405-52A0F448A2AC}.Debug|Any CPU.ActiveCfg = Debug|Any CPU
		{8907F6E9-F9C6-4C42-A405-52A0F448A2AC}.Debug|Any CPU.Build.0 = Debug|Any CPU
		{8907F6E9-F9C6-4C42-A405-52A0F448A2AC}.Release|Any CPU.ActiveCfg = Release|Any CPU
		{8907F6E9-F9C6-4C42-A405-52A0F448A2AC}.Release|Any CPU.Build.0 = Release|Any CPU
		{03354E5A-B19F-410B-99AF-EE4B11A0CACA}.Debug|Any CPU.ActiveCfg = Debug|Any CPU
		{03354E5A-B19F-410B-99AF-EE4B11A0CACA}.Debug|Any CPU.Build.0 = Debug|Any CPU
		{03354E5A-B19F-410B-99AF-EE4B11A0CACA}.Release|Any CPU.ActiveCfg = Release|Any CPU
		{03354E5A-B19F-410B-99AF-EE4B11A0CACA}.Release|Any CPU.Build.0 = Release|Any CPU
		{F51E4B9E-3D82-439A-A60C-17270D970599}.Debug|Any CPU.ActiveCfg = Debug|Any CPU
		{F51E4B9E-3D82-439A-A60C-17270D970599}.Debug|Any CPU.Build.0 = Debug|Any CPU
		{F51E4B9E-3D82-439A-A60C-17270D970599}.Release|Any CPU.ActiveCfg = Release|Any CPU
		{F51E4B9E-3D82-439A-A60C-17270D970599}.Release|Any CPU.Build.0 = Release|Any CPU
	EndGlobalSection
	GlobalSection(SolutionProperties) = preSolution
		HideSolutionNode = FALSE
	EndGlobalSection
	GlobalSection(ExtensibilityGlobals) = postSolution
		SolutionGuid = {CA5D8FFA-78F4-4ABC-9907-BC7665CB0C1A}
	EndGlobalSection
EndGlobal
